
Microsoft Visual Studio Solution File, Format Version 12.00
# Visual Studio Version 16
VisualStudioVersion = 16.0.29424.173
MinimumVisualStudioVersion = 10.0.40219.1
Project("{FAE04EC0-301F-11D3-BF4B-00C04F79EFBC}") = "Assignment4_test", "Assignment4_test\Assignment4_test.csproj", "{A3EE231D-D7F3-47D9-92A3-57E74597A5F7}"
EndProject
Global
	GlobalSection(SolutionConfigurationPlatforms) = preSolution
		Debug|Any CPU = Debug|Any CPU
		Release|Any CPU = Release|Any CPU
	EndGlobalSection
	GlobalSection(ProjectConfigurationPlatforms) = postSolution
		{A3EE231D-D7F3-47D9-92A3-57E74597A5F7}.Debug|Any CPU.ActiveCfg = Debug|Any CPU
		{A3EE231D-D7F3-47D9-92A3-57E74597A5F7}.Debug|Any CPU.Build.0 = Debug|Any CPU
		{A3EE231D-D7F3-47D9-92A3-57E74597A5F7}.Release|Any CPU.ActiveCfg = Release|Any CPU
		{A3EE231D-D7F3-47D9-92A3-57E74597A5F7}.Release|Any CPU.Build.0 = Release|Any CPU
	EndGlobalSection
	GlobalSection(SolutionProperties) = preSolution
		HideSolutionNode = FALSE
	EndGlobalSection
	GlobalSection(ExtensibilityGlobals) = postSolution
		SolutionGuid = {12350AEE-12FC-41C7-8930-E16418BCD22D}
	EndGlobalSection
EndGlobal
